
Microsoft Visual Studio Solution File, Format Version 12.00
# Visual Studio Version 17
VisualStudioVersion = 17.7.34221.43
MinimumVisualStudioVersion = 10.0.40219.1
Project("{FAE04EC0-301F-11D3-BF4B-00C04F79EFBC}") = "PlayerProject", "PlayerProject\PlayerProject.csproj", "{569468DF-D5F7-4C2E-87AA-46F318B56CB0}"
EndProject
Global
	GlobalSection(SolutionConfigurationPlatforms) = preSolution
		Debug|Any CPU = Debug|Any CPU
		Release|Any CPU = Release|Any CPU
	EndGlobalSection
	GlobalSection(ProjectConfigurationPlatforms) = postSolution
		{569468DF-D5F7-4C2E-87AA-46F318B56CB0}.Debug|Any CPU.ActiveCfg = Debug|Any CPU
		{569468DF-D5F7-4C2E-87AA-46F318B56CB0}.Debug|Any CPU.Build.0 = Debug|Any CPU
		{569468DF-D5F7-4C2E-87AA-46F318B56CB0}.Release|Any CPU.ActiveCfg = Release|Any CPU
		{569468DF-D5F7-4C2E-87AA-46F318B56CB0}.Release|Any CPU.Build.0 = Release|Any CPU
	EndGlobalSection
	GlobalSection(SolutionProperties) = preSolution
		HideSolutionNode = FALSE
	EndGlobalSection
	GlobalSection(ExtensibilityGlobals) = postSolution
		SolutionGuid = {ACB31143-15F4-4971-B457-1BDE601CB636}
	EndGlobalSection
EndGlobal
